
Microsoft Visual Studio Solution File, Format Version 12.00
# Visual Studio Version 16
VisualStudioVersion = 16.0.28407.52
MinimumVisualStudioVersion = 10.0.40219.1
Project("{9A19103F-16F7-4668-BE54-9A1E7A4F7556}") = "NetCoreGui", "NetCoreGui\NetCoreGui.csproj", "{B296818E-05AF-4939-B079-D61C3EFB645C}"
EndProject
Project("{9A19103F-16F7-4668-BE54-9A1E7A4F7556}") = "NetCoreGui.Desktop", "NetCoreGui.Desktop\NetCoreGui.Desktop.csproj", "{644D3DB1-FA1D-4C24-825A-7262A181AA27}"
EndProject
Project("{2150E333-8FDC-42A3-9474-1A3956D46DE8}") = "Lib", "Lib", "{2C55FC6B-2B2C-42B5-A1E8-C1162A5B2340}"
EndProject
Project("{9A19103F-16F7-4668-BE54-9A1E7A4F7556}") = "sfml-audio", "Lib\Audio\sfml-audio.csproj", "{58979A8F-50D5-4AE2-B9B2-E569A99E432B}"
EndProject
Project("{9A19103F-16F7-4668-BE54-9A1E7A4F7556}") = "sfml-graphics", "Lib\Graphics\sfml-graphics.csproj", "{4FD0C589-EC69-4F4B-BF43-BC5E61107F8E}"
EndProject
Project("{9A19103F-16F7-4668-BE54-9A1E7A4F7556}") = "sfml-system", "Lib\System\sfml-system.csproj", "{1615A1BF-A0D4-4054-BDC1-0B5D083FF6E0}"
EndProject
Project("{9A19103F-16F7-4668-BE54-9A1E7A4F7556}") = "sfml-window", "Lib\Window\sfml-window.csproj", "{1E7EC908-57F7-4994-9F06-A64367A7E505}"
EndProject
Global
	GlobalSection(SolutionConfigurationPlatforms) = preSolution
		_LINUX_|Any CPU = _LINUX_|Any CPU
		_OSX_|Any CPU = _OSX_|Any CPU
		_WINDOWS_|Any CPU = _WINDOWS_|Any CPU
		Debug|Any CPU = Debug|Any CPU
		Release|Any CPU = Release|Any CPU
	EndGlobalSection
	GlobalSection(ProjectConfigurationPlatforms) = postSolution
		{B296818E-05AF-4939-B079-D61C3EFB645C}._LINUX_|Any CPU.ActiveCfg = Release|Any CPU
		{B296818E-05AF-4939-B079-D61C3EFB645C}._LINUX_|Any CPU.Build.0 = Release|Any CPU
		{B296818E-05AF-4939-B079-D61C3EFB645C}._OSX_|Any CPU.ActiveCfg = Release|Any CPU
		{B296818E-05AF-4939-B079-D61C3EFB645C}._OSX_|Any CPU.Build.0 = Release|Any CPU
		{B296818E-05AF-4939-B079-D61C3EFB645C}._WINDOWS_|Any CPU.ActiveCfg = Release|Any CPU
		{B296818E-05AF-4939-B079-D61C3EFB645C}._WINDOWS_|Any CPU.Build.0 = Release|Any CPU
		{B296818E-05AF-4939-B079-D61C3EFB645C}.Debug|Any CPU.ActiveCfg = Debug|Any CPU
		{B296818E-05AF-4939-B079-D61C3EFB645C}.Debug|Any CPU.Build.0 = Debug|Any CPU
		{B296818E-05AF-4939-B079-D61C3EFB645C}.Release|Any CPU.ActiveCfg = Release|Any CPU
		{B296818E-05AF-4939-B079-D61C3EFB645C}.Release|Any CPU.Build.0 = Release|Any CPU
		{644D3DB1-FA1D-4C24-825A-7262A181AA27}._LINUX_|Any CPU.ActiveCfg = Release|Any CPU
		{644D3DB1-FA1D-4C24-825A-7262A181AA27}._LINUX_|Any CPU.Build.0 = Release|Any CPU
		{644D3DB1-FA1D-4C24-825A-7262A181AA27}._OSX_|Any CPU.ActiveCfg = Release|Any CPU
		{644D3DB1-FA1D-4C24-825A-7262A181AA27}._OSX_|Any CPU.Build.0 = Release|Any CPU
		{644D3DB1-FA1D-4C24-825A-7262A181AA27}._WINDOWS_|Any CPU.ActiveCfg = Release|Any CPU
		{644D3DB1-FA1D-4C24-825A-7262A181AA27}._WINDOWS_|Any CPU.Build.0 = Release|Any CPU
		{644D3DB1-FA1D-4C24-825A-7262A181AA27}.Debug|Any CPU.ActiveCfg = Debug|Any CPU
		{644D3DB1-FA1D-4C24-825A-7262A181AA27}.Debug|Any CPU.Build.0 = Debug|Any CPU
		{644D3DB1-FA1D-4C24-825A-7262A181AA27}.Release|Any CPU.ActiveCfg = Release|Any CPU
		{644D3DB1-FA1D-4C24-825A-7262A181AA27}.Release|Any CPU.Build.0 = Release|Any CPU
		{58979A8F-50D5-4AE2-B9B2-E569A99E432B}._LINUX_|Any CPU.ActiveCfg = _LINUX_|Any CPU
		{58979A8F-50D5-4AE2-B9B2-E569A99E432B}._LINUX_|Any CPU.Build.0 = _LINUX_|Any CPU
		{58979A8F-50D5-4AE2-B9B2-E569A99E432B}._OSX_|Any CPU.ActiveCfg = _OSX_|Any CPU
		{58979A8F-50D5-4AE2-B9B2-E569A99E432B}._OSX_|Any CPU.Build.0 = _OSX_|Any CPU
		{58979A8F-50D5-4AE2-B9B2-E569A99E432B}._WINDOWS_|Any CPU.ActiveCfg = _WINDOWS_|Any CPU
		{58979A8F-50D5-4AE2-B9B2-E569A99E432B}._WINDOWS_|Any CPU.Build.0 = _WINDOWS_|Any CPU
		{58979A8F-50D5-4AE2-B9B2-E569A99E432B}.Debug|Any CPU.ActiveCfg = Debug|Any CPU
		{58979A8F-50D5-4AE2-B9B2-E569A99E432B}.Debug|Any CPU.Build.0 = Debug|Any CPU
		{58979A8F-50D5-4AE2-B9B2-E569A99E432B}.Release|Any CPU.ActiveCfg = Release|Any CPU
		{58979A8F-50D5-4AE2-B9B2-E569A99E432B}.Release|Any CPU.Build.0 = Release|Any CPU
		{4FD0C589-EC69-4F4B-BF43-BC5E61107F8E}._LINUX_|Any CPU.ActiveCfg = _LINUX_|Any CPU
		{4FD0C589-EC69-4F4B-BF43-BC5E61107F8E}._LINUX_|Any CPU.Build.0 = _LINUX_|Any CPU
		{4FD0C589-EC69-4F4B-BF43-BC5E61107F8E}._OSX_|Any CPU.ActiveCfg = _OSX_|Any CPU
		{4FD0C589-EC69-4F4B-BF43-BC5E61107F8E}._OSX_|Any CPU.Build.0 = _OSX_|Any CPU
		{4FD0C589-EC69-4F4B-BF43-BC5E61107F8E}._WINDOWS_|Any CPU.ActiveCfg = _WINDOWS_|Any CPU
		{4FD0C589-EC69-4F4B-BF43-BC5E61107F8E}._WINDOWS_|Any CPU.Build.0 = _WINDOWS_|Any CPU
		{4FD0C589-EC69-4F4B-BF43-BC5E61107F8E}.Debug|Any CPU.ActiveCfg = Debug|Any CPU
		{4FD0C589-EC69-4F4B-BF43-BC5E61107F8E}.Debug|Any CPU.Build.0 = Debug|Any CPU
		{4FD0C589-EC69-4F4B-BF43-BC5E61107F8E}.Release|Any CPU.ActiveCfg = Release|Any CPU
		{4FD0C589-EC69-4F4B-BF43-BC5E61107F8E}.Release|Any CPU.Build.0 = Release|Any CPU
		{1615A1BF-A0D4-4054-BDC1-0B5D083FF6E0}._LINUX_|Any CPU.ActiveCfg = _LINUX_|Any CPU
		{1615A1BF-A0D4-4054-BDC1-0B5D083FF6E0}._LINUX_|Any CPU.Build.0 = _LINUX_|Any CPU
		{1615A1BF-A0D4-4054-BDC1-0B5D083FF6E0}._OSX_|Any CPU.ActiveCfg = _OSX_|Any CPU
		{1615A1BF-A0D4-4054-BDC1-0B5D083FF6E0}._OSX_|Any CPU.Build.0 = _OSX_|Any CPU
		{1615A1BF-A0D4-4054-BDC1-0B5D083FF6E0}._WINDOWS_|Any CPU.ActiveCfg = _WINDOWS_|Any CPU
		{1615A1BF-A0D4-4054-BDC1-0B5D083FF6E0}._WINDOWS_|Any CPU.Build.0 = _WINDOWS_|Any CPU
		{1615A1BF-A0D4-4054-BDC1-0B5D083FF6E0}.Debug|Any CPU.ActiveCfg = Debug|Any CPU
		{1615A1BF-A0D4-4054-BDC1-0B5D083FF6E0}.Debug|Any CPU.Build.0 = Debug|Any CPU
		{1615A1BF-A0D4-4054-BDC1-0B5D083FF6E0}.Release|Any CPU.ActiveCfg = Release|Any CPU
		{1615A1BF-A0D4-4054-BDC1-0B5D083FF6E0}.Release|Any CPU.Build.0 = Release|Any CPU
		{1E7EC908-57F7-4994-9F06-A64367A7E505}._LINUX_|Any CPU.ActiveCfg = _LINUX_|Any CPU
		{1E7EC908-57F7-4994-9F06-A64367A7E505}._LINUX_|Any CPU.Build.0 = _LINUX_|Any CPU
		{1E7EC908-57F7-4994-9F06-A64367A7E505}._OSX_|Any CPU.ActiveCfg = _OSX_|Any CPU
		{1E7EC908-57F7-4994-9F06-A64367A7E505}._OSX_|Any CPU.Build.0 = _OSX_|Any CPU
		{1E7EC908-57F7-4994-9F06-A64367A7E505}._WINDOWS_|Any CPU.ActiveCfg = _WINDOWS_|Any CPU
		{1E7EC908-57F7-4994-9F06-A64367A7E505}._WINDOWS_|Any CPU.Build.0 = _WINDOWS_|Any CPU
		{1E7EC908-57F7-4994-9F06-A64367A7E505}.Debug|Any CPU.ActiveCfg = Debug|Any CPU
		{1E7EC908-57F7-4994-9F06-A64367A7E505}.Debug|Any CPU.Build.0 = Debug|Any CPU
		{1E7EC908-57F7-4994-9F06-A64367A7E505}.Release|Any CPU.ActiveCfg = Release|Any CPU
		{1E7EC908-57F7-4994-9F06-A64367A7E505}.Release|Any CPU.Build.0 = Release|Any CPU
	EndGlobalSection
	GlobalSection(SolutionProperties) = preSolution
		HideSolutionNode = FALSE
	EndGlobalSection
	GlobalSection(NestedProjects) = preSolution
		{58979A8F-50D5-4AE2-B9B2-E569A99E432B} = {2C55FC6B-2B2C-42B5-A1E8-C1162A5B2340}
		{4FD0C589-EC69-4F4B-BF43-BC5E61107F8E} = {2C55FC6B-2B2C-42B5-A1E8-C1162A5B2340}
		{1615A1BF-A0D4-4054-BDC1-0B5D083FF6E0} = {2C55FC6B-2B2C-42B5-A1E8-C1162A5B2340}
		{1E7EC908-57F7-4994-9F06-A64367A7E505} = {2C55FC6B-2B2C-42B5-A1E8-C1162A5B2340}
	EndGlobalSection
	GlobalSection(ExtensibilityGlobals) = postSolution
		SolutionGuid = {039942BD-C64D-4A42-91DC-3586DC03DF12}
	EndGlobalSection
EndGlobal
